// !$*UTF8*$!
{
	archiveVersion = 1;
	classes = {
	};
	objectVersion = 56;
	objects = {

/* Begin PBXBuildFile section */
		911663472A1FE976004A3950 /* AppDelegate.swift in Sources */ = {isa = PBXBuildFile; fileRef = 911663462A1FE976004A3950 /* AppDelegate.swift */; };
		911663492A1FE976004A3950 /* SceneDelegate.swift in Sources */ = {isa = PBXBuildFile; fileRef = 911663482A1FE976004A3950 /* SceneDelegate.swift */; };
		9116634E2A1FE976004A3950 /* Main.storyboard in Resources */ = {isa = PBXBuildFile; fileRef = 9116634C2A1FE976004A3950 /* Main.storyboard */; };
		911663502A1FE977004A3950 /* Assets.xcassets in Resources */ = {isa = PBXBuildFile; fileRef = 9116634F2A1FE977004A3950 /* Assets.xcassets */; };
		911663532A1FE977004A3950 /* LaunchScreen.storyboard in Resources */ = {isa = PBXBuildFile; fileRef = 911663512A1FE977004A3950 /* LaunchScreen.storyboard */; };
		9116636F2A1FEBC9004A3950 /* LoginController.swift in Sources */ = {isa = PBXBuildFile; fileRef = 9116636E2A1FEBC9004A3950 /* LoginController.swift */; };
		911663712A1FEBDB004A3950 /* RegistrationController.swift in Sources */ = {isa = PBXBuildFile; fileRef = 911663702A1FEBDB004A3950 /* RegistrationController.swift */; };
		911663732A1FEBDF004A3950 /* ConversationsController.swift in Sources */ = {isa = PBXBuildFile; fileRef = 911663722A1FEBDF004A3950 /* ConversationsController.swift */; };
		911663752A1FEBE2004A3950 /* ExploreController.swift in Sources */ = {isa = PBXBuildFile; fileRef = 911663742A1FEBE2004A3950 /* ExploreController.swift */; };
		911663772A1FEBE6004A3950 /* FeedController.swift in Sources */ = {isa = PBXBuildFile; fileRef = 911663762A1FEBE6004A3950 /* FeedController.swift */; };
		911663792A1FEBE9004A3950 /* NotificationsController.swift in Sources */ = {isa = PBXBuildFile; fileRef = 911663782A1FEBE9004A3950 /* NotificationsController.swift */; };
		9116637B2A1FEBEB004A3950 /* MainTabController.swift in Sources */ = {isa = PBXBuildFile; fileRef = 9116637A2A1FEBEB004A3950 /* MainTabController.swift */; };
		9116637D2A1FEBF4004A3950 /* Utils.swift in Sources */ = {isa = PBXBuildFile; fileRef = 9116637C2A1FEBF4004A3950 /* Utils.swift */; };
		9116637F2A1FEBF6004A3950 /* Extensions.swift in Sources */ = {isa = PBXBuildFile; fileRef = 9116637E2A1FEBF6004A3950 /* Extensions.swift */; };
		91C334992A216F020044564A /* GoogleService-Info.plist in Resources */ = {isa = PBXBuildFile; fileRef = 91C334982A216F020044564A /* GoogleService-Info.plist */; };
		BFD9668F4A117C6AA67BA595 /* Pods_twtClone.framework in Frameworks */ = {isa = PBXBuildFile; fileRef = B4815308FF40DDF5A62525BB /* Pods_twtClone.framework */; };
/* End PBXBuildFile section */

/* Begin PBXCopyFilesBuildPhase section */
		9116636C2A1FEBB5004A3950 /* CopyFiles */ = {
			isa = PBXCopyFilesBuildPhase;
			buildActionMask = 2147483647;
			dstPath = "";
			dstSubfolderSpec = 7;
			files = (
			);
			runOnlyForDeploymentPostprocessing = 0;
		};
/* End PBXCopyFilesBuildPhase section */

/* Begin PBXFileReference section */
		2AB6E3BF6F4E3F2148769954 /* Pods-twtClone.debug.xcconfig */ = {isa = PBXFileReference; includeInIndex = 1; lastKnownFileType = text.xcconfig; name = "Pods-twtClone.debug.xcconfig"; path = "Target Support Files/Pods-twtClone/Pods-twtClone.debug.xcconfig"; sourceTree = "<group>"; };
		763DFE5AD214282CD7DA2D08 /* Pods-twtClone.release.xcconfig */ = {isa = PBXFileReference; includeInIndex = 1; lastKnownFileType = text.xcconfig; name = "Pods-twtClone.release.xcconfig"; path = "Target Support Files/Pods-twtClone/Pods-twtClone.release.xcconfig"; sourceTree = "<group>"; };
		911663432A1FE976004A3950 /* twtClone.app */ = {isa = PBXFileReference; explicitFileType = wrapper.application; includeInIndex = 0; path = twtClone.app; sourceTree = BUILT_PRODUCTS_DIR; };
		911663462A1FE976004A3950 /* AppDelegate.swift */ = {isa = PBXFileReference; lastKnownFileType = sourcecode.swift; path = AppDelegate.swift; sourceTree = "<group>"; };
		911663482A1FE976004A3950 /* SceneDelegate.swift */ = {isa = PBXFileReference; lastKnownFileType = sourcecode.swift; path = SceneDelegate.swift; sourceTree = "<group>"; };
		9116634D2A1FE976004A3950 /* Base */ = {isa = PBXFileReference; lastKnownFileType = file.storyboard; name = Base; path = Base.lproj/Main.storyboard; sourceTree = "<group>"; };
		9116634F2A1FE977004A3950 /* Assets.xcassets */ = {isa = PBXFileReference; lastKnownFileType = folder.assetcatalog; path = Assets.xcassets; sourceTree = "<group>"; };
		911663522A1FE977004A3950 /* Base */ = {isa = PBXFileReference; lastKnownFileType = file.storyboard; name = Base; path = Base.lproj/LaunchScreen.storyboard; sourceTree = "<group>"; };
		911663542A1FE977004A3950 /* Info.plist */ = {isa = PBXFileReference; lastKnownFileType = text.plist.xml; path = Info.plist; sourceTree = "<group>"; };
		9116636E2A1FEBC9004A3950 /* LoginController.swift */ = {isa = PBXFileReference; lastKnownFileType = sourcecode.swift; path = LoginController.swift; sourceTree = "<group>"; };
		911663702A1FEBDB004A3950 /* RegistrationController.swift */ = {isa = PBXFileReference; lastKnownFileType = sourcecode.swift; path = RegistrationController.swift; sourceTree = "<group>"; };
		911663722A1FEBDF004A3950 /* ConversationsController.swift */ = {isa = PBXFileReference; lastKnownFileType = sourcecode.swift; path = ConversationsController.swift; sourceTree = "<group>"; };
		911663742A1FEBE2004A3950 /* ExploreController.swift */ = {isa = PBXFileReference; lastKnownFileType = sourcecode.swift; path = ExploreController.swift; sourceTree = "<group>"; };
		911663762A1FEBE6004A3950 /* FeedController.swift */ = {isa = PBXFileReference; lastKnownFileType = sourcecode.swift; path = FeedController.swift; sourceTree = "<group>"; };
		911663782A1FEBE9004A3950 /* NotificationsController.swift */ = {isa = PBXFileReference; lastKnownFileType = sourcecode.swift; path = NotificationsController.swift; sourceTree = "<group>"; };
		9116637A2A1FEBEB004A3950 /* MainTabController.swift */ = {isa = PBXFileReference; lastKnownFileType = sourcecode.swift; path = MainTabController.swift; sourceTree = "<group>"; };
		9116637C2A1FEBF4004A3950 /* Utils.swift */ = {isa = PBXFileReference; lastKnownFileType = sourcecode.swift; path = Utils.swift; sourceTree = "<group>"; };
		9116637E2A1FEBF6004A3950 /* Extensions.swift */ = {isa = PBXFileReference; lastKnownFileType = sourcecode.swift; path = Extensions.swift; sourceTree = "<group>"; };
		91C334982A216F020044564A /* GoogleService-Info.plist */ = {isa = PBXFileReference; fileEncoding = 4; lastKnownFileType = text.plist.xml; path = "GoogleService-Info.plist"; sourceTree = "<group>"; };
		B4815308FF40DDF5A62525BB /* Pods_twtClone.framework */ = {isa = PBXFileReference; explicitFileType = wrapper.framework; includeInIndex = 0; path = Pods_twtClone.framework; sourceTree = BUILT_PRODUCTS_DIR; };
/* End PBXFileReference section */

/* Begin PBXFrameworksBuildPhase section */
		911663402A1FE976004A3950 /* Frameworks */ = {
			isa = PBXFrameworksBuildPhase;
			buildActionMask = 2147483647;
			files = (
				BFD9668F4A117C6AA67BA595 /* Pods_twtClone.framework in Frameworks */,
			);
			runOnlyForDeploymentPostprocessing = 0;
		};
/* End PBXFrameworksBuildPhase section */

/* Begin PBXGroup section */
		17D78A0525CFEF06B8E3B662 /* Frameworks */ = {
			isa = PBXGroup;
			children = (
				B4815308FF40DDF5A62525BB /* Pods_twtClone.framework */,
			);
			name = Frameworks;
			sourceTree = "<group>";
		};
		19C24E9EDEC0AA51AE3DEACC /* Pods */ = {
			isa = PBXGroup;
			children = (
				2AB6E3BF6F4E3F2148769954 /* Pods-twtClone.debug.xcconfig */,
				763DFE5AD214282CD7DA2D08 /* Pods-twtClone.release.xcconfig */,
			);
			path = Pods;
			sourceTree = "<group>";
		};
		910DA1502A263A1B00CE551B /* Controller */ = {
			isa = PBXGroup;
			children = (
				9116637A2A1FEBEB004A3950 /* MainTabController.swift */,
				911663782A1FEBE9004A3950 /* NotificationsController.swift */,
				911663742A1FEBE2004A3950 /* ExploreController.swift */,
				911663722A1FEBDF004A3950 /* ConversationsController.swift */,
				911663702A1FEBDB004A3950 /* RegistrationController.swift */,
				911663762A1FEBE6004A3950 /* FeedController.swift */,
				9116636E2A1FEBC9004A3950 /* LoginController.swift */,
			);
			path = Controller;
			sourceTree = "<group>";
		};
		910DA1512A263A4100CE551B /* Utils */ = {
			isa = PBXGroup;
			children = (
				9116637C2A1FEBF4004A3950 /* Utils.swift */,
				9116637E2A1FEBF6004A3950 /* Extensions.swift */,
			);
			path = Utils;
			sourceTree = "<group>";
		};
		9116633A2A1FE976004A3950 = {
			isa = PBXGroup;
			children = (
				911663452A1FE976004A3950 /* twtClone */,
				911663442A1FE976004A3950 /* Products */,
				19C24E9EDEC0AA51AE3DEACC /* Pods */,
				17D78A0525CFEF06B8E3B662 /* Frameworks */,
			);
			sourceTree = "<group>";
		};
		911663442A1FE976004A3950 /* Products */ = {
			isa = PBXGroup;
			children = (
				911663432A1FE976004A3950 /* twtClone.app */,
			);
			name = Products;
			sourceTree = "<group>";
		};
		911663452A1FE976004A3950 /* twtClone */ = {
			isa = PBXGroup;
			children = (
				910DA1512A263A4100CE551B /* Utils */,
				910DA1502A263A1B00CE551B /* Controller */,
				911663462A1FE976004A3950 /* AppDelegate.swift */,
				911663482A1FE976004A3950 /* SceneDelegate.swift */,
				9116634C2A1FE976004A3950 /* Main.storyboard */,
				9116634F2A1FE977004A3950 /* Assets.xcassets */,
				911663512A1FE977004A3950 /* LaunchScreen.storyboard */,
				911663542A1FE977004A3950 /* Info.plist */,
				91C334982A216F020044564A /* GoogleService-Info.plist */,
			);
			path = twtClone;
			sourceTree = "<group>";
		};
/* End PBXGroup section */

/* Begin PBXNativeTarget section */
		911663422A1FE976004A3950 /* twtClone */ = {
			isa = PBXNativeTarget;
			buildConfigurationList = 911663572A1FE977004A3950 /* Build configuration list for PBXNativeTarget "twtClone" */;
			buildPhases = (
				994870033DB66194B37D356E /* [CP] Check Pods Manifest.lock */,
				9116633F2A1FE976004A3950 /* Sources */,
				911663402A1FE976004A3950 /* Frameworks */,
				911663412A1FE976004A3950 /* Resources */,
				9116636C2A1FEBB5004A3950 /* CopyFiles */,
				C23A94F0249426C8A9E5955E /* [CP] Embed Pods Frameworks */,
			);
			buildRules = (
			);
			dependencies = (
			);
			name = twtClone;
			productName = twtClone;
			productReference = 911663432A1FE976004A3950 /* twtClone.app */;
			productType = "com.apple.product-type.application";
		};
/* End PBXNativeTarget section */

/* Begin PBXProject section */
		9116633B2A1FE976004A3950 /* Project object */ = {
			isa = PBXProject;
			attributes = {
				BuildIndependentTargetsInParallel = 1;
				LastSwiftUpdateCheck = 1420;
				LastUpgradeCheck = 1420;
				TargetAttributes = {
					911663422A1FE976004A3950 = {
						CreatedOnToolsVersion = 14.2;
					};
				};
			};
			buildConfigurationList = 9116633E2A1FE976004A3950 /* Build configuration list for PBXProject "twtClone" */;
			compatibilityVersion = "Xcode 14.0";
			developmentRegion = en;
			hasScannedForEncodings = 0;
			knownRegions = (
				en,
				Base,
			);
			mainGroup = 9116633A2A1FE976004A3950;
			productRefGroup = 911663442A1FE976004A3950 /* Products */;
			projectDirPath = "";
			projectRoot = "";
			targets = (
				911663422A1FE976004A3950 /* twtClone */,
			);
		};
/* End PBXProject section */

/* Begin PBXResourcesBuildPhase section */
		911663412A1FE976004A3950 /* Resources */ = {
			isa = PBXResourcesBuildPhase;
			buildActionMask = 2147483647;
			files = (
				911663532A1FE977004A3950 /* LaunchScreen.storyboard in Resources */,
				911663502A1FE977004A3950 /* Assets.xcassets in Resources */,
				91C334992A216F020044564A /* GoogleService-Info.plist in Resources */,
				9116634E2A1FE976004A3950 /* Main.storyboard in Resources */,
			);
			runOnlyForDeploymentPostprocessing = 0;
		};
/* End PBXResourcesBuildPhase section */

/* Begin PBXShellScriptBuildPhase section */
		994870033DB66194B37D356E /* [CP] Check Pods Manifest.lock */ = {
			isa = PBXShellScriptBuildPhase;
			buildActionMask = 2147483647;
			files = (
			);
			inputFileListPaths = (
			);
			inputPaths = (
				"${PODS_PODFILE_DIR_PATH}/Podfile.lock",
				"${PODS_ROOT}/Manifest.lock",
			);
			name = "[CP] Check Pods Manifest.lock";
			outputFileListPaths = (
			);
			outputPaths = (
				"$(DERIVED_FILE_DIR)/Pods-twtClone-checkManifestLockResult.txt",
			);
			runOnlyForDeploymentPostprocessing = 0;
			shellPath = /bin/sh;
			shellScript = "diff \"${PODS_PODFILE_DIR_PATH}/Podfile.lock\" \"${PODS_ROOT}/Manifest.lock\" > /dev/null\nif [ $? != 0 ] ; then\n    # print error to STDERR\n    echo \"error: The sandbox is not in sync with the Podfile.lock. Run 'pod install' or update your CocoaPods installation.\" >&2\n    exit 1\nfi\n# This output is used by Xcode 'outputs' to avoid re-running this script phase.\necho \"SUCCESS\" > \"${SCRIPT_OUTPUT_FILE_0}\"\n";
			showEnvVarsInLog = 0;
		};
		C23A94F0249426C8A9E5955E /* [CP] Embed Pods Frameworks */ = {
			isa = PBXShellScriptBuildPhase;
			buildActionMask = 2147483647;
			files = (
			);
			inputFileListPaths = (
				"${PODS_ROOT}/Target Support Files/Pods-twtClone/Pods-twtClone-frameworks-${CONFIGURATION}-input-files.xcfilelist",
			);
			name = "[CP] Embed Pods Frameworks";
			outputFileListPaths = (
				"${PODS_ROOT}/Target Support Files/Pods-twtClone/Pods-twtClone-frameworks-${CONFIGURATION}-output-files.xcfilelist",
			);
			runOnlyForDeploymentPostprocessing = 0;
			shellPath = /bin/sh;
			shellScript = "\"${PODS_ROOT}/Target Support Files/Pods-twtClone/Pods-twtClone-frameworks.sh\"\n";
			showEnvVarsInLog = 0;
		};
/* End PBXShellScriptBuildPhase section */

/* Begin PBXSourcesBuildPhase section */
		9116633F2A1FE976004A3950 /* Sources */ = {
			isa = PBXSourcesBuildPhase;
			buildActionMask = 2147483647;
			files = (
				911663472A1FE976004A3950 /* AppDelegate.swift in Sources */,
				9116636F2A1FEBC9004A3950 /* LoginController.swift in Sources */,
				911663732A1FEBDF004A3950 /* ConversationsController.swift in Sources */,
				911663712A1FEBDB004A3950 /* RegistrationController.swift in Sources */,
				911663492A1FE976004A3950 /* SceneDelegate.swift in Sources */,
				9116637D2A1FEBF4004A3950 /* Utils.swift in Sources */,
				9116637B2A1FEBEB004A3950 /* MainTabController.swift in Sources */,
				911663752A1FEBE2004A3950 /* ExploreController.swift in Sources */,
				911663792A1FEBE9004A3950 /* NotificationsController.swift in Sources */,
				9116637F2A1FEBF6004A3950 /* Extensions.swift in Sources */,
				911663772A1FEBE6004A3950 /* FeedController.swift in Sources */,
			);
			runOnlyForDeploymentPostprocessing = 0;
		};
/* End PBXSourcesBuildPhase section */

/* Begin PBXVariantGroup section */
		9116634C2A1FE976004A3950 /* Main.storyboard */ = {
			isa = PBXVariantGroup;
			children = (
				9116634D2A1FE976004A3950 /* Base */,
			);
			name = Main.storyboard;
			sourceTree = "<group>";
		};
		911663512A1FE977004A3950 /* LaunchScreen.storyboard */ = {
			isa = PBXVariantGroup;
			children = (
				911663522A1FE977004A3950 /* Base */,
			);
			name = LaunchScreen.storyboard;
			sourceTree = "<group>";
		};
/* End PBXVariantGroup section */

/* Begin XCBuildConfiguration section */
		911663552A1FE977004A3950 /* Debug */ = {
			isa = XCBuildConfiguration;
			buildSettings = {
				ALWAYS_SEARCH_USER_PATHS = NO;
				CLANG_ANALYZER_NONNULL = YES;
				CLANG_ANALYZER_NUMBER_OBJECT_CONVERSION = YES_AGGRESSIVE;
				CLANG_CXX_LANGUAGE_STANDARD = "gnu++20";
				CLANG_ENABLE_MODULES = YES;
				CLANG_ENABLE_OBJC_ARC = YES;
				CLANG_ENABLE_OBJC_WEAK = YES;
				CLANG_WARN_BLOCK_CAPTURE_AUTORELEASING = YES;
				CLANG_WARN_BOOL_CONVERSION = YES;
				CLANG_WARN_COMMA = YES;
				CLANG_WARN_CONSTANT_CONVERSION = YES;
				CLANG_WARN_DEPRECATED_OBJC_IMPLEMENTATIONS = YES;
				CLANG_WARN_DIRECT_OBJC_ISA_USAGE = YES_ERROR;
				CLANG_WARN_DOCUMENTATION_COMMENTS = YES;
				CLANG_WARN_EMPTY_BODY = YES;
				CLANG_WARN_ENUM_CONVERSION = YES;
				CLANG_WARN_INFINITE_RECURSION = YES;
				CLANG_WARN_INT_CONVERSION = YES;
				CLANG_WARN_NON_LITERAL_NULL_CONVERSION = YES;
				CLANG_WARN_OBJC_IMPLICIT_RETAIN_SELF = YES;
				CLANG_WARN_OBJC_LITERAL_CONVERSION = YES;
				CLANG_WARN_OBJC_ROOT_CLASS = YES_ERROR;
				CLANG_WARN_QUOTED_INCLUDE_IN_FRAMEWORK_HEADER = YES;
				CLANG_WARN_RANGE_LOOP_ANALYSIS = YES;
				CLANG_WARN_STRICT_PROTOTYPES = YES;
				CLANG_WARN_SUSPICIOUS_MOVE = YES;
				CLANG_WARN_UNGUARDED_AVAILABILITY = YES_AGGRESSIVE;
				CLANG_WARN_UNREACHABLE_CODE = YES;
				CLANG_WARN__DUPLICATE_METHOD_MATCH = YES;
				COPY_PHASE_STRIP = NO;
				DEBUG_INFORMATION_FORMAT = dwarf;
				ENABLE_STRICT_OBJC_MSGSEND = YES;
				ENABLE_TESTABILITY = YES;
				GCC_C_LANGUAGE_STANDARD = gnu11;
				GCC_DYNAMIC_NO_PIC = NO;
				GCC_NO_COMMON_BLOCKS = YES;
				GCC_OPTIMIZATION_LEVEL = 0;
				GCC_PREPROCESSOR_DEFINITIONS = (
					"DEBUG=1",
					"$(inherited)",
				);
				GCC_WARN_64_TO_32_BIT_CONVERSION = YES;
				GCC_WARN_ABOUT_RETURN_TYPE = YES_ERROR;
				GCC_WARN_UNDECLARED_SELECTOR = YES;
				GCC_WARN_UNINITIALIZED_AUTOS = YES_AGGRESSIVE;
				GCC_WARN_UNUSED_FUNCTION = YES;
				GCC_WARN_UNUSED_VARIABLE = YES;
				IPHONEOS_DEPLOYMENT_TARGET = 16.2;
				MTL_ENABLE_DEBUG_INFO = INCLUDE_SOURCE;
				MTL_FAST_MATH = YES;
				ONLY_ACTIVE_ARCH = YES;
				SDKROOT = iphoneos;
				SWIFT_ACTIVE_COMPILATION_CONDITIONS = DEBUG;
				SWIFT_OPTIMIZATION_LEVEL = "-Onone";
			};
			name = Debug;
		};
		911663562A1FE977004A3950 /* Release */ = {
			isa = XCBuildConfiguration;
			buildSettings = {
				ALWAYS_SEARCH_USER_PATHS = NO;
				CLANG_ANALYZER_NONNULL = YES;
				CLANG_ANALYZER_NUMBER_OBJECT_CONVERSION = YES_AGGRESSIVE;
				CLANG_CXX_LANGUAGE_STANDARD = "gnu++20";
				CLANG_ENABLE_MODULES = YES;
				CLANG_ENABLE_OBJC_ARC = YES;
				CLANG_ENABLE_OBJC_WEAK = YES;
				CLANG_WARN_BLOCK_CAPTURE_AUTORELEASING = YES;
				CLANG_WARN_BOOL_CONVERSION = YES;
				CLANG_WARN_COMMA = YES;
				CLANG_WARN_CONSTANT_CONVERSION = YES;
				CLANG_WARN_DEPRECATED_OBJC_IMPLEMENTATIONS = YES;
				CLANG_WARN_DIRECT_OBJC_ISA_USAGE = YES_ERROR;
				CLANG_WARN_DOCUMENTATION_COMMENTS = YES;
				CLANG_WARN_EMPTY_BODY = YES;
				CLANG_WARN_ENUM_CONVERSION = YES;
				CLANG_WARN_INFINITE_RECURSION = YES;
				CLANG_WARN_INT_CONVERSION = YES;
				CLANG_WARN_NON_LITERAL_NULL_CONVERSION = YES;
				CLANG_WARN_OBJC_IMPLICIT_RETAIN_SELF = YES;
				CLANG_WARN_OBJC_LITERAL_CONVERSION = YES;
				CLANG_WARN_OBJC_ROOT_CLASS = YES_ERROR;
				CLANG_WARN_QUOTED_INCLUDE_IN_FRAMEWORK_HEADER = YES;
				CLANG_WARN_RANGE_LOOP_ANALYSIS = YES;
				CLANG_WARN_STRICT_PROTOTYPES = YES;
				CLANG_WARN_SUSPICIOUS_MOVE = YES;
				CLANG_WARN_UNGUARDED_AVAILABILITY = YES_AGGRESSIVE;
				CLANG_WARN_UNREACHABLE_CODE = YES;
				CLANG_WARN__DUPLICATE_METHOD_MATCH = YES;
				COPY_PHASE_STRIP = NO;
				DEBUG_INFORMATION_FORMAT = "dwarf-with-dsym";
				ENABLE_NS_ASSERTIONS = NO;
				ENABLE_STRICT_OBJC_MSGSEND = YES;
				GCC_C_LANGUAGE_STANDARD = gnu11;
				GCC_NO_COMMON_BLOCKS = YES;
				GCC_WARN_64_TO_32_BIT_CONVERSION = YES;
				GCC_WARN_ABOUT_RETURN_TYPE = YES_ERROR;
				GCC_WARN_UNDECLARED_SELECTOR = YES;
				GCC_WARN_UNINITIALIZED_AUTOS = YES_AGGRESSIVE;
				GCC_WARN_UNUSED_FUNCTION = YES;
				GCC_WARN_UNUSED_VARIABLE = YES;
				IPHONEOS_DEPLOYMENT_TARGET = 16.2;
				MTL_ENABLE_DEBUG_INFO = NO;
				MTL_FAST_MATH = YES;
				SDKROOT = iphoneos;
				SWIFT_COMPILATION_MODE = wholemodule;
				SWIFT_OPTIMIZATION_LEVEL = "-O";
				VALIDATE_PRODUCT = YES;
			};
			name = Release;
		};
		911663582A1FE977004A3950 /* Debug */ = {
			isa = XCBuildConfiguration;
			baseConfigurationReference = 2AB6E3BF6F4E3F2148769954 /* Pods-twtClone.debug.xcconfig */;
			buildSettings = {
				ASSETCATALOG_COMPILER_APPICON_NAME = AppIcon;
				ASSETCATALOG_COMPILER_GLOBAL_ACCENT_COLOR_NAME = AccentColor;
				CODE_SIGN_STYLE = Automatic;
				CURRENT_PROJECT_VERSION = 1;
				DEVELOPMENT_TEAM = CQM92F4CPM;
				GENERATE_INFOPLIST_FILE = YES;
				INFOPLIST_FILE = twtClone/Info.plist;
				INFOPLIST_KEY_UIApplicationSupportsIndirectInputEvents = YES;
				INFOPLIST_KEY_UILaunchStoryboardName = LaunchScreen;
				INFOPLIST_KEY_UIMainStoryboardFile = Main;
				INFOPLIST_KEY_UISupportedInterfaceOrientations_iPad = "UIInterfaceOrientationPortrait UIInterfaceOrientationPortraitUpsideDown UIInterfaceOrientationLandscapeLeft UIInterfaceOrientationLandscapeRight";
				INFOPLIST_KEY_UISupportedInterfaceOrientations_iPhone = "UIInterfaceOrientationPortrait UIInterfaceOrientationLandscapeLeft UIInterfaceOrientationLandscapeRight";
				LD_RUNPATH_SEARCH_PATHS = (
					"$(inherited)",
					"@executable_path/Frameworks",
				);
				MARKETING_VERSION = 1.0;
				PRODUCT_BUNDLE_IDENTIFIER = itsjohnidk.twtClone;
				PRODUCT_NAME = "$(TARGET_NAME)";
				SWIFT_EMIT_LOC_STRINGS = YES;
				SWIFT_VERSION = 5.0;
				TARGETED_DEVICE_FAMILY = "1,2";
			};
			name = Debug;
		};
		911663592A1FE977004A3950 /* Release */ = {
			isa = XCBuildConfiguration;
			baseConfigurationReference = 763DFE5AD214282CD7DA2D08 /* Pods-twtClone.release.xcconfig */;
			buildSettings = {
				ASSETCATALOG_COMPILER_APPICON_NAME = AppIcon;
				ASSETCATALOG_COMPILER_GLOBAL_ACCENT_COLOR_NAME = AccentColor;
				CODE_SIGN_STYLE = Automatic;
				CURRENT_PROJECT_VERSION = 1;
				DEVELOPMENT_TEAM = CQM92F4CPM;
				GENERATE_INFOPLIST_FILE = YES;
				INFOPLIST_FILE = twtClone/Info.plist;
				INFOPLIST_KEY_UIApplicationSupportsIndirectInputEvents = YES;
				INFOPLIST_KEY_UILaunchStoryboardName = LaunchScreen;
				INFOPLIST_KEY_UIMainStoryboardFile = Main;
				INFOPLIST_KEY_UISupportedInterfaceOrientations_iPad = "UIInterfaceOrientationPortrait UIInterfaceOrientationPortraitUpsideDown UIInterfaceOrientationLandscapeLeft UIInterfaceOrientationLandscapeRight";
				INFOPLIST_KEY_UISupportedInterfaceOrientations_iPhone = "UIInterfaceOrientationPortrait UIInterfaceOrientationLandscapeLeft UIInterfaceOrientationLandscapeRight";
				LD_RUNPATH_SEARCH_PATHS = (
					"$(inherited)",
					"@executable_path/Frameworks",
				);
				MARKETING_VERSION = 1.0;
				PRODUCT_BUNDLE_IDENTIFIER = itsjohnidk.twtClone;
				PRODUCT_NAME = "$(TARGET_NAME)";
				SWIFT_EMIT_LOC_STRINGS = YES;
				SWIFT_VERSION = 5.0;
				TARGETED_DEVICE_FAMILY = "1,2";
			};
			name = Release;
		};
/* End XCBuildConfiguration section */

/* Begin XCConfigurationList section */
		9116633E2A1FE976004A3950 /* Build configuration list for PBXProject "twtClone" */ = {
			isa = XCConfigurationList;
			buildConfigurations = (
				911663552A1FE977004A3950 /* Debug */,
				911663562A1FE977004A3950 /* Release */,
			);
			defaultConfigurationIsVisible = 0;
			defaultConfigurationName = Release;
		};
		911663572A1FE977004A3950 /* Build configuration list for PBXNativeTarget "twtClone" */ = {
			isa = XCConfigurationList;
			buildConfigurations = (
				911663582A1FE977004A3950 /* Debug */,
				911663592A1FE977004A3950 /* Release */,
			);
			defaultConfigurationIsVisible = 0;
			defaultConfigurationName = Release;
		};
/* End XCConfigurationList section */
	};
	rootObject = 9116633B2A1FE976004A3950 /* Project object */;
}
